
Microsoft Visual Studio Solution File, Format Version 12.00
# Visual Studio Version 17
VisualStudioVersion = 17.7.34009.444
MinimumVisualStudioVersion = 10.0.40219.1
Project("{FAE04EC0-301F-11D3-BF4B-00C04F79EFBC}") = "tic taaaaaac tooo", "tic taaaaaac tooo.csproj", "{9E588BDD-FD3D-45A2-A695-750244F2DF94}"
EndProject
Global
	GlobalSection(SolutionConfigurationPlatforms) = preSolution
		Debug|Any CPU = Debug|Any CPU
		Release|Any CPU = Release|Any CPU
	EndGlobalSection
	GlobalSection(ProjectConfigurationPlatforms) = postSolution
		{9E588BDD-FD3D-45A2-A695-750244F2DF94}.Debug|Any CPU.ActiveCfg = Debug|Any CPU
		{9E588BDD-FD3D-45A2-A695-750244F2DF94}.Debug|Any CPU.Build.0 = Debug|Any CPU
		{9E588BDD-FD3D-45A2-A695-750244F2DF94}.Release|Any CPU.ActiveCfg = Release|Any CPU
		{9E588BDD-FD3D-45A2-A695-750244F2DF94}.Release|Any CPU.Build.0 = Release|Any CPU
	EndGlobalSection
	GlobalSection(SolutionProperties) = preSolution
		HideSolutionNode = FALSE
	EndGlobalSection
	GlobalSection(ExtensibilityGlobals) = postSolution
		SolutionGuid = {9A345EEA-FCF4-4644-A276-947320008411}
	EndGlobalSection
EndGlobal
