
Microsoft Visual Studio Solution File, Format Version 12.00
# Visual Studio Version 17
VisualStudioVersion = 17.7.34009.444
MinimumVisualStudioVersion = 10.0.40219.1
Project("{FAE04EC0-301F-11D3-BF4B-00C04F79EFBC}") = "Ladies GYM", "Ladies GYM.csproj", "{2E8728C5-ED39-40D9-A765-69F8C1001FA7}"
EndProject
Project("{FAE04EC0-301F-11D3-BF4B-00C04F79EFBC}") = "ClsControlFilesGYM", "..\ClsControlFilesGYM\ClsControlFilesGYM.csproj", "{766ECF99-F19B-4B34-8EED-36F1986E23CA}"
EndProject
Global
	GlobalSection(SolutionConfigurationPlatforms) = preSolution
		Debug|Any CPU = Debug|Any CPU
		Release|Any CPU = Release|Any CPU
	EndGlobalSection
	GlobalSection(ProjectConfigurationPlatforms) = postSolution
		{2E8728C5-ED39-40D9-A765-69F8C1001FA7}.Debug|Any CPU.ActiveCfg = Debug|Any CPU
		{2E8728C5-ED39-40D9-A765-69F8C1001FA7}.Debug|Any CPU.Build.0 = Debug|Any CPU
		{2E8728C5-ED39-40D9-A765-69F8C1001FA7}.Release|Any CPU.ActiveCfg = Release|Any CPU
		{2E8728C5-ED39-40D9-A765-69F8C1001FA7}.Release|Any CPU.Build.0 = Release|Any CPU
		{766ECF99-F19B-4B34-8EED-36F1986E23CA}.Debug|Any CPU.ActiveCfg = Debug|Any CPU
		{766ECF99-F19B-4B34-8EED-36F1986E23CA}.Debug|Any CPU.Build.0 = Debug|Any CPU
		{766ECF99-F19B-4B34-8EED-36F1986E23CA}.Release|Any CPU.ActiveCfg = Release|Any CPU
		{766ECF99-F19B-4B34-8EED-36F1986E23CA}.Release|Any CPU.Build.0 = Release|Any CPU
	EndGlobalSection
	GlobalSection(SolutionProperties) = preSolution
		HideSolutionNode = FALSE
	EndGlobalSection
	GlobalSection(ExtensibilityGlobals) = postSolution
		SolutionGuid = {E2D9E4B2-2EF9-4D6B-867D-24FE413A5B4A}
	EndGlobalSection
EndGlobal
